
Microsoft Visual Studio Solution File, Format Version 12.00
# Visual Studio 14
VisualStudioVersion = 14.0.24720.0
MinimumVisualStudioVersion = 10.0.40219.1
Project("{8BC9CEB8-8B4A-11D0-8D11-00A0C91BC942}") = "libPLUS", "LibPLUS_core_2015.vcxproj", "{77CD4153-F4E4-4A25-B01A-1664205C1B96}"
	ProjectSection(ProjectDependencies) = postProject
		{71C46EAF-48C9-47BA-9532-27B51744548D} = {71C46EAF-48C9-47BA-9532-27B51744548D}
	EndProjectSection
EndProject
Project("{FAE04EC0-301F-11D3-BF4B-00C04F79EFBC}") = "dotNET_Console", "samples\dotNET\dotNET_Console.csproj", "{3E49C4CD-20D0-49DA-B02E-BA618DECBDDE}"
	ProjectSection(ProjectDependencies) = postProject
		{DD474673-3AAE-4C62-88B1-B57BB8F8632A} = {DD474673-3AAE-4C62-88B1-B57BB8F8632A}
	EndProjectSection
EndProject
Project("{8BC9CEB8-8B4A-11D0-8D11-00A0C91BC942}") = "PTLib Static", "..\ptlib\src\ptlib\msos\Console_2015.vcxproj", "{D11E1C9D-406C-4D7C-8F37-913C0BFD9E0D}"
EndProject
Project("{2150E333-8FDC-42A3-9474-1A3956D46DE8}") = "samples", "samples", "{91DD361E-74F9-4B5A-AA6F-4B23BEDCF26C}"
EndProject
Project("{2150E333-8FDC-42A3-9474-1A3956D46DE8}") = "Platform", "Platform", "{16AE6A4C-2323-4BBC-9F77-D5CD3BD02D54}"
EndProject
Project("{8BC9CEB8-8B4A-11D0-8D11-00A0C91BC942}") = "libPLUSnet", "platform\dotNET\libplus_dotNET_2015.vcxproj", "{DD474673-3AAE-4C62-88B1-B57BB8F8632A}"
	ProjectSection(ProjectDependencies) = postProject
		{77CD4153-F4E4-4A25-B01A-1664205C1B96} = {77CD4153-F4E4-4A25-B01A-1664205C1B96}
	EndProjectSection
EndProject
Project("{8BC9CEB8-8B4A-11D0-8D11-00A0C91BC942}") = "h323plus", "..\h323plus\h323plus_2015.vcxproj", "{71C46EAF-48C9-47BA-9532-27B51744548D}"
	ProjectSection(ProjectDependencies) = postProject
		{D11E1C9D-406C-4D7C-8F37-913C0BFD9E0D} = {D11E1C9D-406C-4D7C-8F37-913C0BFD9E0D}
	EndProjectSection
EndProject
Global
	GlobalSection(SolutionConfigurationPlatforms) = preSolution
		Debug|Android = Debug|Android
		Debug|Any CPU = Debug|Any CPU
		Debug|x64 = Debug|x64
		Debug|x86 = Debug|x86
		No Trace|Android = No Trace|Android
		No Trace|Any CPU = No Trace|Any CPU
		No Trace|x64 = No Trace|x64
		No Trace|x86 = No Trace|x86
		Release|Android = Release|Android
		Release|Any CPU = Release|Any CPU
		Release|x64 = Release|x64
		Release|x86 = Release|x86
	EndGlobalSection
	GlobalSection(ProjectConfigurationPlatforms) = postSolution
		{77CD4153-F4E4-4A25-B01A-1664205C1B96}.Debug|Android.ActiveCfg = Debug|Win32
		{77CD4153-F4E4-4A25-B01A-1664205C1B96}.Debug|Any CPU.ActiveCfg = Debug|Win32
		{77CD4153-F4E4-4A25-B01A-1664205C1B96}.Debug|x64.ActiveCfg = Debug|Win32
		{77CD4153-F4E4-4A25-B01A-1664205C1B96}.Debug|x86.ActiveCfg = Debug|Win32
		{77CD4153-F4E4-4A25-B01A-1664205C1B96}.Debug|x86.Build.0 = Debug|Win32
		{77CD4153-F4E4-4A25-B01A-1664205C1B96}.No Trace|Android.ActiveCfg = Release|Win32
		{77CD4153-F4E4-4A25-B01A-1664205C1B96}.No Trace|Android.Build.0 = Release|Win32
		{77CD4153-F4E4-4A25-B01A-1664205C1B96}.No Trace|Any CPU.ActiveCfg = Release|Win32
		{77CD4153-F4E4-4A25-B01A-1664205C1B96}.No Trace|Any CPU.Build.0 = Release|Win32
		{77CD4153-F4E4-4A25-B01A-1664205C1B96}.No Trace|x64.ActiveCfg = Release|Win32
		{77CD4153-F4E4-4A25-B01A-1664205C1B96}.No Trace|x64.Build.0 = Release|Win32
		{77CD4153-F4E4-4A25-B01A-1664205C1B96}.No Trace|x86.ActiveCfg = Release|Win32
		{77CD4153-F4E4-4A25-B01A-1664205C1B96}.No Trace|x86.Build.0 = Release|Win32
		{77CD4153-F4E4-4A25-B01A-1664205C1B96}.Release|Android.ActiveCfg = Release|Win32
		{77CD4153-F4E4-4A25-B01A-1664205C1B96}.Release|Any CPU.ActiveCfg = Release|Win32
		{77CD4153-F4E4-4A25-B01A-1664205C1B96}.Release|x64.ActiveCfg = Release|Win32
		{77CD4153-F4E4-4A25-B01A-1664205C1B96}.Release|x86.ActiveCfg = Release|Win32
		{77CD4153-F4E4-4A25-B01A-1664205C1B96}.Release|x86.Build.0 = Release|Win32
		{3E49C4CD-20D0-49DA-B02E-BA618DECBDDE}.Debug|Android.ActiveCfg = Debug|Any CPU
		{3E49C4CD-20D0-49DA-B02E-BA618DECBDDE}.Debug|Android.Build.0 = Debug|Any CPU
		{3E49C4CD-20D0-49DA-B02E-BA618DECBDDE}.Debug|Any CPU.ActiveCfg = Debug|Any CPU
		{3E49C4CD-20D0-49DA-B02E-BA618DECBDDE}.Debug|Any CPU.Build.0 = Debug|Any CPU
		{3E49C4CD-20D0-49DA-B02E-BA618DECBDDE}.Debug|x64.ActiveCfg = Debug|Any CPU
		{3E49C4CD-20D0-49DA-B02E-BA618DECBDDE}.Debug|x64.Build.0 = Debug|Any CPU
		{3E49C4CD-20D0-49DA-B02E-BA618DECBDDE}.Debug|x86.ActiveCfg = Debug|x86
		{3E49C4CD-20D0-49DA-B02E-BA618DECBDDE}.Debug|x86.Build.0 = Debug|x86
		{3E49C4CD-20D0-49DA-B02E-BA618DECBDDE}.No Trace|Android.ActiveCfg = Release|Any CPU
		{3E49C4CD-20D0-49DA-B02E-BA618DECBDDE}.No Trace|Android.Build.0 = Release|Any CPU
		{3E49C4CD-20D0-49DA-B02E-BA618DECBDDE}.No Trace|Any CPU.ActiveCfg = Release|Any CPU
		{3E49C4CD-20D0-49DA-B02E-BA618DECBDDE}.No Trace|Any CPU.Build.0 = Release|Any CPU
		{3E49C4CD-20D0-49DA-B02E-BA618DECBDDE}.No Trace|x64.ActiveCfg = Release|Any CPU
		{3E49C4CD-20D0-49DA-B02E-BA618DECBDDE}.No Trace|x64.Build.0 = Release|Any CPU
		{3E49C4CD-20D0-49DA-B02E-BA618DECBDDE}.No Trace|x86.ActiveCfg = Release|x86
		{3E49C4CD-20D0-49DA-B02E-BA618DECBDDE}.No Trace|x86.Build.0 = Release|x86
		{3E49C4CD-20D0-49DA-B02E-BA618DECBDDE}.Release|Android.ActiveCfg = Release|Any CPU
		{3E49C4CD-20D0-49DA-B02E-BA618DECBDDE}.Release|Android.Build.0 = Release|Any CPU
		{3E49C4CD-20D0-49DA-B02E-BA618DECBDDE}.Release|Any CPU.ActiveCfg = Release|Any CPU
		{3E49C4CD-20D0-49DA-B02E-BA618DECBDDE}.Release|Any CPU.Build.0 = Release|Any CPU
		{3E49C4CD-20D0-49DA-B02E-BA618DECBDDE}.Release|x64.ActiveCfg = Release|Any CPU
		{3E49C4CD-20D0-49DA-B02E-BA618DECBDDE}.Release|x64.Build.0 = Release|Any CPU
		{3E49C4CD-20D0-49DA-B02E-BA618DECBDDE}.Release|x86.ActiveCfg = Release|x86
		{D11E1C9D-406C-4D7C-8F37-913C0BFD9E0D}.Debug|Android.ActiveCfg = Debug|Android
		{D11E1C9D-406C-4D7C-8F37-913C0BFD9E0D}.Debug|Android.Build.0 = Debug|Android
		{D11E1C9D-406C-4D7C-8F37-913C0BFD9E0D}.Debug|Any CPU.ActiveCfg = Debug|Win32
		{D11E1C9D-406C-4D7C-8F37-913C0BFD9E0D}.Debug|x64.ActiveCfg = Debug|x64
		{D11E1C9D-406C-4D7C-8F37-913C0BFD9E0D}.Debug|x64.Build.0 = Debug|x64
		{D11E1C9D-406C-4D7C-8F37-913C0BFD9E0D}.Debug|x86.ActiveCfg = Debug|Win32
		{D11E1C9D-406C-4D7C-8F37-913C0BFD9E0D}.No Trace|Android.ActiveCfg = No Trace|Android
		{D11E1C9D-406C-4D7C-8F37-913C0BFD9E0D}.No Trace|Android.Build.0 = No Trace|Android
		{D11E1C9D-406C-4D7C-8F37-913C0BFD9E0D}.No Trace|Any CPU.ActiveCfg = No Trace|Win32
		{D11E1C9D-406C-4D7C-8F37-913C0BFD9E0D}.No Trace|x64.ActiveCfg = No Trace|x64
		{D11E1C9D-406C-4D7C-8F37-913C0BFD9E0D}.No Trace|x64.Build.0 = No Trace|x64
		{D11E1C9D-406C-4D7C-8F37-913C0BFD9E0D}.No Trace|x86.ActiveCfg = No Trace|Win32
		{D11E1C9D-406C-4D7C-8F37-913C0BFD9E0D}.No Trace|x86.Build.0 = No Trace|Win32
		{D11E1C9D-406C-4D7C-8F37-913C0BFD9E0D}.Release|Android.ActiveCfg = Release|Android
		{D11E1C9D-406C-4D7C-8F37-913C0BFD9E0D}.Release|Android.Build.0 = Release|Android
		{D11E1C9D-406C-4D7C-8F37-913C0BFD9E0D}.Release|Any CPU.ActiveCfg = Release|Win32
		{D11E1C9D-406C-4D7C-8F37-913C0BFD9E0D}.Release|x64.ActiveCfg = Release|x64
		{D11E1C9D-406C-4D7C-8F37-913C0BFD9E0D}.Release|x64.Build.0 = Release|x64
		{D11E1C9D-406C-4D7C-8F37-913C0BFD9E0D}.Release|x86.ActiveCfg = Release|Win32
		{D11E1C9D-406C-4D7C-8F37-913C0BFD9E0D}.Release|x86.Build.0 = Release|Win32
		{DD474673-3AAE-4C62-88B1-B57BB8F8632A}.Debug|Android.ActiveCfg = Debug|Win32
		{DD474673-3AAE-4C62-88B1-B57BB8F8632A}.Debug|Any CPU.ActiveCfg = Debug|Win32
		{DD474673-3AAE-4C62-88B1-B57BB8F8632A}.Debug|x64.ActiveCfg = Debug|Win32
		{DD474673-3AAE-4C62-88B1-B57BB8F8632A}.Debug|x86.ActiveCfg = Debug|Win32
		{DD474673-3AAE-4C62-88B1-B57BB8F8632A}.Debug|x86.Build.0 = Debug|Win32
		{DD474673-3AAE-4C62-88B1-B57BB8F8632A}.No Trace|Android.ActiveCfg = Release|Win32
		{DD474673-3AAE-4C62-88B1-B57BB8F8632A}.No Trace|Android.Build.0 = Release|Win32
		{DD474673-3AAE-4C62-88B1-B57BB8F8632A}.No Trace|Any CPU.ActiveCfg = Release|Win32
		{DD474673-3AAE-4C62-88B1-B57BB8F8632A}.No Trace|Any CPU.Build.0 = Release|Win32
		{DD474673-3AAE-4C62-88B1-B57BB8F8632A}.No Trace|x64.ActiveCfg = Release|Win32
		{DD474673-3AAE-4C62-88B1-B57BB8F8632A}.No Trace|x64.Build.0 = Release|Win32
		{DD474673-3AAE-4C62-88B1-B57BB8F8632A}.No Trace|x86.ActiveCfg = Release|Win32
		{DD474673-3AAE-4C62-88B1-B57BB8F8632A}.No Trace|x86.Build.0 = Release|Win32
		{DD474673-3AAE-4C62-88B1-B57BB8F8632A}.Release|Android.ActiveCfg = Release|Win32
		{DD474673-3AAE-4C62-88B1-B57BB8F8632A}.Release|Any CPU.ActiveCfg = Release|Win32
		{DD474673-3AAE-4C62-88B1-B57BB8F8632A}.Release|x64.ActiveCfg = Release|Win32
		{DD474673-3AAE-4C62-88B1-B57BB8F8632A}.Release|x86.ActiveCfg = Release|Win32
		{DD474673-3AAE-4C62-88B1-B57BB8F8632A}.Release|x86.Build.0 = Release|Win32
		{71C46EAF-48C9-47BA-9532-27B51744548D}.Debug|Android.ActiveCfg = Debug|Win32
		{71C46EAF-48C9-47BA-9532-27B51744548D}.Debug|Any CPU.ActiveCfg = Debug|Win32
		{71C46EAF-48C9-47BA-9532-27B51744548D}.Debug|x64.ActiveCfg = Debug|x64
		{71C46EAF-48C9-47BA-9532-27B51744548D}.Debug|x64.Build.0 = Debug|x64
		{71C46EAF-48C9-47BA-9532-27B51744548D}.Debug|x86.ActiveCfg = Debug|Win32
		{71C46EAF-48C9-47BA-9532-27B51744548D}.Debug|x86.Build.0 = Debug|Win32
		{71C46EAF-48C9-47BA-9532-27B51744548D}.No Trace|Android.ActiveCfg = No Trace|Win32
		{71C46EAF-48C9-47BA-9532-27B51744548D}.No Trace|Any CPU.ActiveCfg = No Trace|Win32
		{71C46EAF-48C9-47BA-9532-27B51744548D}.No Trace|x64.ActiveCfg = No Trace|x64
		{71C46EAF-48C9-47BA-9532-27B51744548D}.No Trace|x64.Build.0 = No Trace|x64
		{71C46EAF-48C9-47BA-9532-27B51744548D}.No Trace|x86.ActiveCfg = No Trace|Win32
		{71C46EAF-48C9-47BA-9532-27B51744548D}.No Trace|x86.Build.0 = No Trace|Win32
		{71C46EAF-48C9-47BA-9532-27B51744548D}.Release|Android.ActiveCfg = Release|Win32
		{71C46EAF-48C9-47BA-9532-27B51744548D}.Release|Any CPU.ActiveCfg = Release|Win32
		{71C46EAF-48C9-47BA-9532-27B51744548D}.Release|x64.ActiveCfg = Release|x64
		{71C46EAF-48C9-47BA-9532-27B51744548D}.Release|x64.Build.0 = Release|x64
		{71C46EAF-48C9-47BA-9532-27B51744548D}.Release|x86.ActiveCfg = Release|Win32
		{71C46EAF-48C9-47BA-9532-27B51744548D}.Release|x86.Build.0 = Release|Win32
	EndGlobalSection
	GlobalSection(SolutionProperties) = preSolution
		HideSolutionNode = FALSE
	EndGlobalSection
	GlobalSection(NestedProjects) = preSolution
		{3E49C4CD-20D0-49DA-B02E-BA618DECBDDE} = {91DD361E-74F9-4B5A-AA6F-4B23BEDCF26C}
		{DD474673-3AAE-4C62-88B1-B57BB8F8632A} = {16AE6A4C-2323-4BBC-9F77-D5CD3BD02D54}
	EndGlobalSection
EndGlobal
