
Microsoft Visual Studio Solution File, Format Version 12.00
# Visual Studio 14
VisualStudioVersion = 14.0.24720.0
MinimumVisualStudioVersion = 10.0.40219.1
Project("{FAE04EC0-301F-11D3-BF4B-00C04F79EFBC}") = "dotNET_Console", "samples\dotNET\dotNET_Console.csproj", "{3E49C4CD-20D0-49DA-B02E-BA618DECBDDE}"
	ProjectSection(ProjectDependencies) = postProject
		{DD474673-3AAE-4C62-88B1-B57BB8F8632A} = {DD474673-3AAE-4C62-88B1-B57BB8F8632A}
	EndProjectSection
EndProject
Project("{2150E333-8FDC-42A3-9474-1A3956D46DE8}") = "samples", "samples", "{91DD361E-74F9-4B5A-AA6F-4B23BEDCF26C}"
EndProject
Project("{8BC9CEB8-8B4A-11D0-8D11-00A0C91BC942}") = "libPLUS dotNET DLL", "platform\dotNET\libplus_dotNET_2015.vcxproj", "{DD474673-3AAE-4C62-88B1-B57BB8F8632A}"
	ProjectSection(ProjectDependencies) = postProject
		{77CD4153-F4E4-4A25-B01A-1664205C1B96} = {77CD4153-F4E4-4A25-B01A-1664205C1B96}
	EndProjectSection
EndProject
Project("{8BC9CEB8-8B4A-11D0-8D11-00A0C91BC942}") = "simpleplus", "..\h323plus\samples\simple\simple_2015.vcxproj", "{AC8B99A3-6DEA-48B0-A6A6-31A982FAAD0A}"
EndProject
Project("{2150E333-8FDC-42A3-9474-1A3956D46DE8}") = "PTLib", "PTLib", "{1BFE6971-EB01-4E2C-8DDA-080F791A31C1}"
EndProject
Project("{8BC9CEB8-8B4A-11D0-8D11-00A0C91BC942}") = "PTLib Common", "..\ptlib\build\common\ptlib_common.vcxitems", "{45D41ACC-2C3C-43D2-BC10-02AA73FFC7C7}"
EndProject
Project("{8BC9CEB8-8B4A-11D0-8D11-00A0C91BC942}") = "PTLib Windows", "..\ptlib\build\windows\ptlib_windows_2015.vcxproj", "{D11E1C9D-406C-4D7C-8F37-913C0BFD9E0D}"
EndProject
Project("{8BC9CEB8-8B4A-11D0-8D11-00A0C91BC942}") = "PTLib Android", "..\ptlib\build\android\ptlib_android_2015.vcxproj", "{E7771251-AE3A-4060-A642-27EBFD2EA297}"
EndProject
Project("{2150E333-8FDC-42A3-9474-1A3956D46DE8}") = "H323Plus", "H323Plus", "{5488C0EA-FEA7-45AE-9C5C-4552C65F885D}"
EndProject
Project("{8BC9CEB8-8B4A-11D0-8D11-00A0C91BC942}") = "h323plus Android", "..\h323plus\build\android\h323plus_android_2015.vcxproj", "{DDF28AA0-7CCB-47E7-A1E7-61DD4E5BDC3C}"
	ProjectSection(ProjectDependencies) = postProject
		{E7771251-AE3A-4060-A642-27EBFD2EA297} = {E7771251-AE3A-4060-A642-27EBFD2EA297}
	EndProjectSection
EndProject
Project("{8BC9CEB8-8B4A-11D0-8D11-00A0C91BC942}") = "h323plus Windows", "..\h323plus\build\windows\h323plus_2015.vcxproj", "{71C46EAF-48C9-47BA-9532-27B51744548D}"
EndProject
Project("{8BC9CEB8-8B4A-11D0-8D11-00A0C91BC942}") = "h323plus Common", "..\h323plus\build\common\h323plus_common_2015.vcxitems", "{FC24CEC0-ACAD-4575-99CB-0E27E30FDCB5}"
EndProject
Project("{2150E333-8FDC-42A3-9474-1A3956D46DE8}") = "libPLUS", "libPLUS", "{CFAB6766-C9C8-45EC-A660-13A4C4AF190A}"
EndProject
Project("{8BC9CEB8-8B4A-11D0-8D11-00A0C91BC942}") = "libPLUS Common", "build\common\libplus_common_2015.vcxitems", "{B69F921F-44E5-4C06-9E14-AF53D650E9EB}"
EndProject
Project("{8BC9CEB8-8B4A-11D0-8D11-00A0C91BC942}") = "libPLUS Windows LIB", "build\windows\LibPLUS_core_2015.vcxproj", "{77CD4153-F4E4-4A25-B01A-1664205C1B96}"
EndProject
Project("{8BC9CEB8-8B4A-11D0-8D11-00A0C91BC942}") = "LibPLUS Android A", "build\android\LibPLUS_Android_2015.vcxproj", "{2C576ABF-4A2C-4DF5-B2D8-E2E1316A9C87}"
	ProjectSection(ProjectDependencies) = postProject
		{DDF28AA0-7CCB-47E7-A1E7-61DD4E5BDC3C} = {DDF28AA0-7CCB-47E7-A1E7-61DD4E5BDC3C}
	EndProjectSection
EndProject
Project("{8BC9CEB8-8B4A-11D0-8D11-00A0C91BC942}") = "libPLUS Android SO", "platform\android\libPLUS.vcxproj", "{B3DF1178-934A-4E1E-9767-18A8F1E91B8E}"
	ProjectSection(ProjectDependencies) = postProject
		{2C576ABF-4A2C-4DF5-B2D8-E2E1316A9C87} = {2C576ABF-4A2C-4DF5-B2D8-E2E1316A9C87}
	EndProjectSection
EndProject
Project("{39E2626F-3545-4960-A6E8-258AD8476CE5}") = "libPLUSandroid", "samples\android\libPLUSandroid.androidproj", "{27B5EEAC-DCBC-4E2A-833E-4510EA2970FF}"
EndProject
Global
	GlobalSection(SharedMSBuildProjectFiles) = preSolution
		build\common\libplus_common_2015.vcxitems*{2c576abf-4a2c-4df5-b2d8-e2e1316a9c87}*SharedItemsImports = 4
		build\common\libplus_common_2015.vcxitems*{77cd4153-f4e4-4a25-b01a-1664205c1b96}*SharedItemsImports = 4
		..\h323plus\build\common\h323plus_common_2015.vcxitems*{ddf28aa0-7ccb-47e7-a1e7-61dd4e5bdc3c}*SharedItemsImports = 4
		..\ptlib\build\common\ptlib_common.vcxitems*{d11e1c9d-406c-4d7c-8f37-913c0bfd9e0d}*SharedItemsImports = 4
		..\h323plus\build\common\h323plus_common_2015.vcxitems*{71c46eaf-48c9-47ba-9532-27b51744548d}*SharedItemsImports = 4
		build\common\libplus_common_2015.vcxitems*{b69f921f-44e5-4c06-9e14-af53d650e9eb}*SharedItemsImports = 9
		..\h323plus\build\common\h323plus_common_2015.vcxitems*{fc24cec0-acad-4575-99cb-0e27e30fdcb5}*SharedItemsImports = 9
		..\ptlib\build\common\ptlib_common.vcxitems*{45d41acc-2c3c-43d2-bc10-02aa73ffc7c7}*SharedItemsImports = 9
		..\ptlib\build\common\ptlib_common.vcxitems*{e7771251-ae3a-4060-a642-27ebfd2ea297}*SharedItemsImports = 4
	EndGlobalSection
	GlobalSection(SolutionConfigurationPlatforms) = preSolution
		Debug|Any CPU = Debug|Any CPU
		Debug|ARM = Debug|ARM
		Debug|ARM64 = Debug|ARM64
		Debug|x64 = Debug|x64
		Debug|x86 = Debug|x86
		No Trace|Any CPU = No Trace|Any CPU
		No Trace|ARM = No Trace|ARM
		No Trace|ARM64 = No Trace|ARM64
		No Trace|x64 = No Trace|x64
		No Trace|x86 = No Trace|x86
		Release|Any CPU = Release|Any CPU
		Release|ARM = Release|ARM
		Release|ARM64 = Release|ARM64
		Release|x64 = Release|x64
		Release|x86 = Release|x86
	EndGlobalSection
	GlobalSection(ProjectConfigurationPlatforms) = postSolution
		{3E49C4CD-20D0-49DA-B02E-BA618DECBDDE}.Debug|Any CPU.ActiveCfg = Debug|Any CPU
		{3E49C4CD-20D0-49DA-B02E-BA618DECBDDE}.Debug|Any CPU.Build.0 = Debug|Any CPU
		{3E49C4CD-20D0-49DA-B02E-BA618DECBDDE}.Debug|ARM.ActiveCfg = Debug|Any CPU
		{3E49C4CD-20D0-49DA-B02E-BA618DECBDDE}.Debug|ARM64.ActiveCfg = Debug|Any CPU
		{3E49C4CD-20D0-49DA-B02E-BA618DECBDDE}.Debug|ARM64.Build.0 = Debug|Any CPU
		{3E49C4CD-20D0-49DA-B02E-BA618DECBDDE}.Debug|x64.ActiveCfg = Debug|x86
		{3E49C4CD-20D0-49DA-B02E-BA618DECBDDE}.Debug|x86.ActiveCfg = Debug|x86
		{3E49C4CD-20D0-49DA-B02E-BA618DECBDDE}.No Trace|Any CPU.ActiveCfg = Release|Any CPU
		{3E49C4CD-20D0-49DA-B02E-BA618DECBDDE}.No Trace|Any CPU.Build.0 = Release|Any CPU
		{3E49C4CD-20D0-49DA-B02E-BA618DECBDDE}.No Trace|ARM.ActiveCfg = D_2012|Any CPU
		{3E49C4CD-20D0-49DA-B02E-BA618DECBDDE}.No Trace|ARM.Build.0 = D_2012|Any CPU
		{3E49C4CD-20D0-49DA-B02E-BA618DECBDDE}.No Trace|ARM64.ActiveCfg = D_2012|Any CPU
		{3E49C4CD-20D0-49DA-B02E-BA618DECBDDE}.No Trace|ARM64.Build.0 = D_2012|Any CPU
		{3E49C4CD-20D0-49DA-B02E-BA618DECBDDE}.No Trace|x64.ActiveCfg = Release|Any CPU
		{3E49C4CD-20D0-49DA-B02E-BA618DECBDDE}.No Trace|x64.Build.0 = Release|Any CPU
		{3E49C4CD-20D0-49DA-B02E-BA618DECBDDE}.No Trace|x86.ActiveCfg = Release|x86
		{3E49C4CD-20D0-49DA-B02E-BA618DECBDDE}.No Trace|x86.Build.0 = Release|x86
		{3E49C4CD-20D0-49DA-B02E-BA618DECBDDE}.Release|Any CPU.ActiveCfg = Release|Any CPU
		{3E49C4CD-20D0-49DA-B02E-BA618DECBDDE}.Release|Any CPU.Build.0 = Release|Any CPU
		{3E49C4CD-20D0-49DA-B02E-BA618DECBDDE}.Release|ARM.ActiveCfg = Release|Any CPU
		{3E49C4CD-20D0-49DA-B02E-BA618DECBDDE}.Release|ARM.Build.0 = Release|Any CPU
		{3E49C4CD-20D0-49DA-B02E-BA618DECBDDE}.Release|ARM64.ActiveCfg = Release|Any CPU
		{3E49C4CD-20D0-49DA-B02E-BA618DECBDDE}.Release|ARM64.Build.0 = Release|Any CPU
		{3E49C4CD-20D0-49DA-B02E-BA618DECBDDE}.Release|x64.ActiveCfg = Release|Any CPU
		{3E49C4CD-20D0-49DA-B02E-BA618DECBDDE}.Release|x64.Build.0 = Release|Any CPU
		{3E49C4CD-20D0-49DA-B02E-BA618DECBDDE}.Release|x86.ActiveCfg = Release|x86
		{DD474673-3AAE-4C62-88B1-B57BB8F8632A}.Debug|Any CPU.ActiveCfg = Debug|Win32
		{DD474673-3AAE-4C62-88B1-B57BB8F8632A}.Debug|ARM.ActiveCfg = Debug|Win32
		{DD474673-3AAE-4C62-88B1-B57BB8F8632A}.Debug|ARM64.ActiveCfg = Debug|Win32
		{DD474673-3AAE-4C62-88B1-B57BB8F8632A}.Debug|x64.ActiveCfg = Debug|Win32
		{DD474673-3AAE-4C62-88B1-B57BB8F8632A}.Debug|x64.Build.0 = Debug|Win32
		{DD474673-3AAE-4C62-88B1-B57BB8F8632A}.Debug|x86.ActiveCfg = Debug|Win32
		{DD474673-3AAE-4C62-88B1-B57BB8F8632A}.Debug|x86.Build.0 = Debug|Win32
		{DD474673-3AAE-4C62-88B1-B57BB8F8632A}.No Trace|Any CPU.ActiveCfg = Release|Win32
		{DD474673-3AAE-4C62-88B1-B57BB8F8632A}.No Trace|Any CPU.Build.0 = Release|Win32
		{DD474673-3AAE-4C62-88B1-B57BB8F8632A}.No Trace|ARM.ActiveCfg = Release|Win32
		{DD474673-3AAE-4C62-88B1-B57BB8F8632A}.No Trace|ARM.Build.0 = Release|Win32
		{DD474673-3AAE-4C62-88B1-B57BB8F8632A}.No Trace|ARM64.ActiveCfg = Release|Win32
		{DD474673-3AAE-4C62-88B1-B57BB8F8632A}.No Trace|ARM64.Build.0 = Release|Win32
		{DD474673-3AAE-4C62-88B1-B57BB8F8632A}.No Trace|x64.ActiveCfg = Release|Win32
		{DD474673-3AAE-4C62-88B1-B57BB8F8632A}.No Trace|x64.Build.0 = Release|Win32
		{DD474673-3AAE-4C62-88B1-B57BB8F8632A}.No Trace|x86.ActiveCfg = Release|Win32
		{DD474673-3AAE-4C62-88B1-B57BB8F8632A}.No Trace|x86.Build.0 = Release|Win32
		{DD474673-3AAE-4C62-88B1-B57BB8F8632A}.Release|Any CPU.ActiveCfg = Release|Win32
		{DD474673-3AAE-4C62-88B1-B57BB8F8632A}.Release|ARM.ActiveCfg = Release|Win32
		{DD474673-3AAE-4C62-88B1-B57BB8F8632A}.Release|ARM64.ActiveCfg = Release|Win32
		{DD474673-3AAE-4C62-88B1-B57BB8F8632A}.Release|x64.ActiveCfg = Release|Win32
		{DD474673-3AAE-4C62-88B1-B57BB8F8632A}.Release|x86.ActiveCfg = Release|Win32
		{DD474673-3AAE-4C62-88B1-B57BB8F8632A}.Release|x86.Build.0 = Release|Win32
		{AC8B99A3-6DEA-48B0-A6A6-31A982FAAD0A}.Debug|Any CPU.ActiveCfg = Debug|Win32
		{AC8B99A3-6DEA-48B0-A6A6-31A982FAAD0A}.Debug|ARM.ActiveCfg = Debug|Win32
		{AC8B99A3-6DEA-48B0-A6A6-31A982FAAD0A}.Debug|ARM64.ActiveCfg = Debug|Win32
		{AC8B99A3-6DEA-48B0-A6A6-31A982FAAD0A}.Debug|x64.ActiveCfg = Debug|x64
		{AC8B99A3-6DEA-48B0-A6A6-31A982FAAD0A}.Debug|x64.Build.0 = Debug|x64
		{AC8B99A3-6DEA-48B0-A6A6-31A982FAAD0A}.Debug|x86.ActiveCfg = Debug|Win32
		{AC8B99A3-6DEA-48B0-A6A6-31A982FAAD0A}.No Trace|Any CPU.ActiveCfg = No Trace|Win32
		{AC8B99A3-6DEA-48B0-A6A6-31A982FAAD0A}.No Trace|ARM.ActiveCfg = No Trace|Win32
		{AC8B99A3-6DEA-48B0-A6A6-31A982FAAD0A}.No Trace|ARM64.ActiveCfg = No Trace|Win32
		{AC8B99A3-6DEA-48B0-A6A6-31A982FAAD0A}.No Trace|x64.ActiveCfg = No Trace|x64
		{AC8B99A3-6DEA-48B0-A6A6-31A982FAAD0A}.No Trace|x64.Build.0 = No Trace|x64
		{AC8B99A3-6DEA-48B0-A6A6-31A982FAAD0A}.No Trace|x86.ActiveCfg = No Trace|Win32
		{AC8B99A3-6DEA-48B0-A6A6-31A982FAAD0A}.Release|Any CPU.ActiveCfg = Release|Win32
		{AC8B99A3-6DEA-48B0-A6A6-31A982FAAD0A}.Release|ARM.ActiveCfg = Release|Win32
		{AC8B99A3-6DEA-48B0-A6A6-31A982FAAD0A}.Release|ARM64.ActiveCfg = Release|Win32
		{AC8B99A3-6DEA-48B0-A6A6-31A982FAAD0A}.Release|x64.ActiveCfg = Release|x64
		{AC8B99A3-6DEA-48B0-A6A6-31A982FAAD0A}.Release|x64.Build.0 = Release|x64
		{AC8B99A3-6DEA-48B0-A6A6-31A982FAAD0A}.Release|x86.ActiveCfg = Release|Win32
		{D11E1C9D-406C-4D7C-8F37-913C0BFD9E0D}.Debug|Any CPU.ActiveCfg = Debug|Win32
		{D11E1C9D-406C-4D7C-8F37-913C0BFD9E0D}.Debug|ARM.ActiveCfg = Debug|Win32
		{D11E1C9D-406C-4D7C-8F37-913C0BFD9E0D}.Debug|ARM64.ActiveCfg = Debug|Win32
		{D11E1C9D-406C-4D7C-8F37-913C0BFD9E0D}.Debug|x64.ActiveCfg = Debug|x64
		{D11E1C9D-406C-4D7C-8F37-913C0BFD9E0D}.Debug|x64.Build.0 = Debug|x64
		{D11E1C9D-406C-4D7C-8F37-913C0BFD9E0D}.Debug|x86.ActiveCfg = Debug|Win32
		{D11E1C9D-406C-4D7C-8F37-913C0BFD9E0D}.Debug|x86.Build.0 = Debug|Win32
		{D11E1C9D-406C-4D7C-8F37-913C0BFD9E0D}.No Trace|Any CPU.ActiveCfg = No Trace|Win32
		{D11E1C9D-406C-4D7C-8F37-913C0BFD9E0D}.No Trace|ARM.ActiveCfg = No Trace|Win32
		{D11E1C9D-406C-4D7C-8F37-913C0BFD9E0D}.No Trace|ARM64.ActiveCfg = No Trace|Win32
		{D11E1C9D-406C-4D7C-8F37-913C0BFD9E0D}.No Trace|x64.ActiveCfg = No Trace|x64
		{D11E1C9D-406C-4D7C-8F37-913C0BFD9E0D}.No Trace|x64.Build.0 = No Trace|x64
		{D11E1C9D-406C-4D7C-8F37-913C0BFD9E0D}.No Trace|x86.ActiveCfg = No Trace|Win32
		{D11E1C9D-406C-4D7C-8F37-913C0BFD9E0D}.No Trace|x86.Build.0 = No Trace|Win32
		{D11E1C9D-406C-4D7C-8F37-913C0BFD9E0D}.Release|Any CPU.ActiveCfg = Release|Win32
		{D11E1C9D-406C-4D7C-8F37-913C0BFD9E0D}.Release|ARM.ActiveCfg = Release|Win32
		{D11E1C9D-406C-4D7C-8F37-913C0BFD9E0D}.Release|ARM64.ActiveCfg = Release|Win32
		{D11E1C9D-406C-4D7C-8F37-913C0BFD9E0D}.Release|x64.ActiveCfg = Release|x64
		{D11E1C9D-406C-4D7C-8F37-913C0BFD9E0D}.Release|x64.Build.0 = Release|x64
		{D11E1C9D-406C-4D7C-8F37-913C0BFD9E0D}.Release|x86.ActiveCfg = Release|Win32
		{D11E1C9D-406C-4D7C-8F37-913C0BFD9E0D}.Release|x86.Build.0 = Release|Win32
		{E7771251-AE3A-4060-A642-27EBFD2EA297}.Debug|Any CPU.ActiveCfg = Debug|x86
		{E7771251-AE3A-4060-A642-27EBFD2EA297}.Debug|ARM.ActiveCfg = Debug|ARM
		{E7771251-AE3A-4060-A642-27EBFD2EA297}.Debug|ARM64.ActiveCfg = Debug|ARM64
		{E7771251-AE3A-4060-A642-27EBFD2EA297}.Debug|ARM64.Build.0 = Debug|ARM64
		{E7771251-AE3A-4060-A642-27EBFD2EA297}.Debug|x64.ActiveCfg = Debug|x64
		{E7771251-AE3A-4060-A642-27EBFD2EA297}.Debug|x64.Build.0 = Debug|x64
		{E7771251-AE3A-4060-A642-27EBFD2EA297}.Debug|x86.ActiveCfg = Debug|ARM
		{E7771251-AE3A-4060-A642-27EBFD2EA297}.No Trace|Any CPU.ActiveCfg = Release|x86
		{E7771251-AE3A-4060-A642-27EBFD2EA297}.No Trace|Any CPU.Build.0 = Release|x86
		{E7771251-AE3A-4060-A642-27EBFD2EA297}.No Trace|ARM.ActiveCfg = Release|ARM
		{E7771251-AE3A-4060-A642-27EBFD2EA297}.No Trace|ARM.Build.0 = Release|ARM
		{E7771251-AE3A-4060-A642-27EBFD2EA297}.No Trace|ARM64.ActiveCfg = Release|ARM64
		{E7771251-AE3A-4060-A642-27EBFD2EA297}.No Trace|ARM64.Build.0 = Release|ARM64
		{E7771251-AE3A-4060-A642-27EBFD2EA297}.No Trace|x64.ActiveCfg = Release|x64
		{E7771251-AE3A-4060-A642-27EBFD2EA297}.No Trace|x64.Build.0 = Release|x64
		{E7771251-AE3A-4060-A642-27EBFD2EA297}.No Trace|x86.ActiveCfg = Release|ARM
		{E7771251-AE3A-4060-A642-27EBFD2EA297}.Release|Any CPU.ActiveCfg = Release|x86
		{E7771251-AE3A-4060-A642-27EBFD2EA297}.Release|ARM.ActiveCfg = Release|ARM
		{E7771251-AE3A-4060-A642-27EBFD2EA297}.Release|ARM.Build.0 = Release|ARM
		{E7771251-AE3A-4060-A642-27EBFD2EA297}.Release|ARM64.ActiveCfg = Release|ARM64
		{E7771251-AE3A-4060-A642-27EBFD2EA297}.Release|ARM64.Build.0 = Release|ARM64
		{E7771251-AE3A-4060-A642-27EBFD2EA297}.Release|x64.ActiveCfg = Release|x64
		{E7771251-AE3A-4060-A642-27EBFD2EA297}.Release|x64.Build.0 = Release|x64
		{E7771251-AE3A-4060-A642-27EBFD2EA297}.Release|x86.ActiveCfg = Release|ARM
		{DDF28AA0-7CCB-47E7-A1E7-61DD4E5BDC3C}.Debug|Any CPU.ActiveCfg = Debug|x86
		{DDF28AA0-7CCB-47E7-A1E7-61DD4E5BDC3C}.Debug|ARM.ActiveCfg = Debug|ARM
		{DDF28AA0-7CCB-47E7-A1E7-61DD4E5BDC3C}.Debug|ARM64.ActiveCfg = Debug|ARM64
		{DDF28AA0-7CCB-47E7-A1E7-61DD4E5BDC3C}.Debug|ARM64.Build.0 = Debug|ARM64
		{DDF28AA0-7CCB-47E7-A1E7-61DD4E5BDC3C}.Debug|x64.ActiveCfg = Debug|x64
		{DDF28AA0-7CCB-47E7-A1E7-61DD4E5BDC3C}.Debug|x64.Build.0 = Debug|x64
		{DDF28AA0-7CCB-47E7-A1E7-61DD4E5BDC3C}.Debug|x86.ActiveCfg = Debug|ARM
		{DDF28AA0-7CCB-47E7-A1E7-61DD4E5BDC3C}.No Trace|Any CPU.ActiveCfg = Release|x86
		{DDF28AA0-7CCB-47E7-A1E7-61DD4E5BDC3C}.No Trace|Any CPU.Build.0 = Release|x86
		{DDF28AA0-7CCB-47E7-A1E7-61DD4E5BDC3C}.No Trace|ARM.ActiveCfg = Release|ARM
		{DDF28AA0-7CCB-47E7-A1E7-61DD4E5BDC3C}.No Trace|ARM.Build.0 = Release|ARM
		{DDF28AA0-7CCB-47E7-A1E7-61DD4E5BDC3C}.No Trace|ARM64.ActiveCfg = Release|ARM64
		{DDF28AA0-7CCB-47E7-A1E7-61DD4E5BDC3C}.No Trace|ARM64.Build.0 = Release|ARM64
		{DDF28AA0-7CCB-47E7-A1E7-61DD4E5BDC3C}.No Trace|x64.ActiveCfg = Release|x64
		{DDF28AA0-7CCB-47E7-A1E7-61DD4E5BDC3C}.No Trace|x64.Build.0 = Release|x64
		{DDF28AA0-7CCB-47E7-A1E7-61DD4E5BDC3C}.No Trace|x86.ActiveCfg = Release|ARM
		{DDF28AA0-7CCB-47E7-A1E7-61DD4E5BDC3C}.Release|Any CPU.ActiveCfg = Release|x86
		{DDF28AA0-7CCB-47E7-A1E7-61DD4E5BDC3C}.Release|ARM.ActiveCfg = Release|ARM
		{DDF28AA0-7CCB-47E7-A1E7-61DD4E5BDC3C}.Release|ARM.Build.0 = Release|ARM
		{DDF28AA0-7CCB-47E7-A1E7-61DD4E5BDC3C}.Release|ARM64.ActiveCfg = Release|ARM64
		{DDF28AA0-7CCB-47E7-A1E7-61DD4E5BDC3C}.Release|ARM64.Build.0 = Release|ARM64
		{DDF28AA0-7CCB-47E7-A1E7-61DD4E5BDC3C}.Release|x64.ActiveCfg = Release|x64
		{DDF28AA0-7CCB-47E7-A1E7-61DD4E5BDC3C}.Release|x64.Build.0 = Release|x64
		{DDF28AA0-7CCB-47E7-A1E7-61DD4E5BDC3C}.Release|x86.ActiveCfg = Release|ARM
		{71C46EAF-48C9-47BA-9532-27B51744548D}.Debug|Any CPU.ActiveCfg = Debug|Win32
		{71C46EAF-48C9-47BA-9532-27B51744548D}.Debug|ARM.ActiveCfg = Debug|Win32
		{71C46EAF-48C9-47BA-9532-27B51744548D}.Debug|ARM64.ActiveCfg = Debug|Win32
		{71C46EAF-48C9-47BA-9532-27B51744548D}.Debug|x64.ActiveCfg = Debug|x64
		{71C46EAF-48C9-47BA-9532-27B51744548D}.Debug|x64.Build.0 = Debug|x64
		{71C46EAF-48C9-47BA-9532-27B51744548D}.Debug|x86.ActiveCfg = Debug|Win32
		{71C46EAF-48C9-47BA-9532-27B51744548D}.Debug|x86.Build.0 = Debug|Win32
		{71C46EAF-48C9-47BA-9532-27B51744548D}.No Trace|Any CPU.ActiveCfg = No Trace|Win32
		{71C46EAF-48C9-47BA-9532-27B51744548D}.No Trace|ARM.ActiveCfg = No Trace|Win32
		{71C46EAF-48C9-47BA-9532-27B51744548D}.No Trace|ARM64.ActiveCfg = No Trace|Win32
		{71C46EAF-48C9-47BA-9532-27B51744548D}.No Trace|x64.ActiveCfg = No Trace|x64
		{71C46EAF-48C9-47BA-9532-27B51744548D}.No Trace|x64.Build.0 = No Trace|x64
		{71C46EAF-48C9-47BA-9532-27B51744548D}.No Trace|x86.ActiveCfg = No Trace|Win32
		{71C46EAF-48C9-47BA-9532-27B51744548D}.No Trace|x86.Build.0 = No Trace|Win32
		{71C46EAF-48C9-47BA-9532-27B51744548D}.Release|Any CPU.ActiveCfg = Release|Win32
		{71C46EAF-48C9-47BA-9532-27B51744548D}.Release|ARM.ActiveCfg = Release|Win32
		{71C46EAF-48C9-47BA-9532-27B51744548D}.Release|ARM64.ActiveCfg = Release|Win32
		{71C46EAF-48C9-47BA-9532-27B51744548D}.Release|x64.ActiveCfg = Release|x64
		{71C46EAF-48C9-47BA-9532-27B51744548D}.Release|x64.Build.0 = Release|x64
		{71C46EAF-48C9-47BA-9532-27B51744548D}.Release|x86.ActiveCfg = Release|Win32
		{71C46EAF-48C9-47BA-9532-27B51744548D}.Release|x86.Build.0 = Release|Win32
		{77CD4153-F4E4-4A25-B01A-1664205C1B96}.Debug|Any CPU.ActiveCfg = Debug|Win32
		{77CD4153-F4E4-4A25-B01A-1664205C1B96}.Debug|ARM.ActiveCfg = Debug|Win32
		{77CD4153-F4E4-4A25-B01A-1664205C1B96}.Debug|ARM64.ActiveCfg = Debug|Win32
		{77CD4153-F4E4-4A25-B01A-1664205C1B96}.Debug|x64.ActiveCfg = Debug|Win32
		{77CD4153-F4E4-4A25-B01A-1664205C1B96}.Debug|x86.ActiveCfg = Debug|Win32
		{77CD4153-F4E4-4A25-B01A-1664205C1B96}.Debug|x86.Build.0 = Debug|Win32
		{77CD4153-F4E4-4A25-B01A-1664205C1B96}.No Trace|Any CPU.ActiveCfg = Release|Win32
		{77CD4153-F4E4-4A25-B01A-1664205C1B96}.No Trace|Any CPU.Build.0 = Release|Win32
		{77CD4153-F4E4-4A25-B01A-1664205C1B96}.No Trace|ARM.ActiveCfg = Release|Win32
		{77CD4153-F4E4-4A25-B01A-1664205C1B96}.No Trace|ARM.Build.0 = Release|Win32
		{77CD4153-F4E4-4A25-B01A-1664205C1B96}.No Trace|ARM64.ActiveCfg = Release|Win32
		{77CD4153-F4E4-4A25-B01A-1664205C1B96}.No Trace|ARM64.Build.0 = Release|Win32
		{77CD4153-F4E4-4A25-B01A-1664205C1B96}.No Trace|x64.ActiveCfg = Release|Win32
		{77CD4153-F4E4-4A25-B01A-1664205C1B96}.No Trace|x64.Build.0 = Release|Win32
		{77CD4153-F4E4-4A25-B01A-1664205C1B96}.No Trace|x86.ActiveCfg = Release|Win32
		{77CD4153-F4E4-4A25-B01A-1664205C1B96}.No Trace|x86.Build.0 = Release|Win32
		{77CD4153-F4E4-4A25-B01A-1664205C1B96}.Release|Any CPU.ActiveCfg = Release|Win32
		{77CD4153-F4E4-4A25-B01A-1664205C1B96}.Release|ARM.ActiveCfg = Release|Win32
		{77CD4153-F4E4-4A25-B01A-1664205C1B96}.Release|ARM64.ActiveCfg = Release|Win32
		{77CD4153-F4E4-4A25-B01A-1664205C1B96}.Release|x64.ActiveCfg = Release|Win32
		{77CD4153-F4E4-4A25-B01A-1664205C1B96}.Release|x86.ActiveCfg = Release|Win32
		{77CD4153-F4E4-4A25-B01A-1664205C1B96}.Release|x86.Build.0 = Release|Win32
		{2C576ABF-4A2C-4DF5-B2D8-E2E1316A9C87}.Debug|Any CPU.ActiveCfg = Debug|x86
		{2C576ABF-4A2C-4DF5-B2D8-E2E1316A9C87}.Debug|ARM.ActiveCfg = Debug|ARM
		{2C576ABF-4A2C-4DF5-B2D8-E2E1316A9C87}.Debug|ARM64.ActiveCfg = Debug|ARM64
		{2C576ABF-4A2C-4DF5-B2D8-E2E1316A9C87}.Debug|ARM64.Build.0 = Debug|ARM64
		{2C576ABF-4A2C-4DF5-B2D8-E2E1316A9C87}.Debug|x64.ActiveCfg = Debug|x64
		{2C576ABF-4A2C-4DF5-B2D8-E2E1316A9C87}.Debug|x64.Build.0 = Debug|x64
		{2C576ABF-4A2C-4DF5-B2D8-E2E1316A9C87}.Debug|x86.ActiveCfg = Debug|ARM
		{2C576ABF-4A2C-4DF5-B2D8-E2E1316A9C87}.No Trace|Any CPU.ActiveCfg = Release|x86
		{2C576ABF-4A2C-4DF5-B2D8-E2E1316A9C87}.No Trace|Any CPU.Build.0 = Release|x86
		{2C576ABF-4A2C-4DF5-B2D8-E2E1316A9C87}.No Trace|ARM.ActiveCfg = Release|ARM
		{2C576ABF-4A2C-4DF5-B2D8-E2E1316A9C87}.No Trace|ARM.Build.0 = Release|ARM
		{2C576ABF-4A2C-4DF5-B2D8-E2E1316A9C87}.No Trace|ARM64.ActiveCfg = Release|ARM64
		{2C576ABF-4A2C-4DF5-B2D8-E2E1316A9C87}.No Trace|ARM64.Build.0 = Release|ARM64
		{2C576ABF-4A2C-4DF5-B2D8-E2E1316A9C87}.No Trace|x64.ActiveCfg = Release|x64
		{2C576ABF-4A2C-4DF5-B2D8-E2E1316A9C87}.No Trace|x64.Build.0 = Release|x64
		{2C576ABF-4A2C-4DF5-B2D8-E2E1316A9C87}.No Trace|x86.ActiveCfg = Release|ARM
		{2C576ABF-4A2C-4DF5-B2D8-E2E1316A9C87}.Release|Any CPU.ActiveCfg = Release|x86
		{2C576ABF-4A2C-4DF5-B2D8-E2E1316A9C87}.Release|ARM.ActiveCfg = Release|ARM
		{2C576ABF-4A2C-4DF5-B2D8-E2E1316A9C87}.Release|ARM.Build.0 = Release|ARM
		{2C576ABF-4A2C-4DF5-B2D8-E2E1316A9C87}.Release|ARM64.ActiveCfg = Release|ARM64
		{2C576ABF-4A2C-4DF5-B2D8-E2E1316A9C87}.Release|ARM64.Build.0 = Release|ARM64
		{2C576ABF-4A2C-4DF5-B2D8-E2E1316A9C87}.Release|x64.ActiveCfg = Release|x64
		{2C576ABF-4A2C-4DF5-B2D8-E2E1316A9C87}.Release|x64.Build.0 = Release|x64
		{2C576ABF-4A2C-4DF5-B2D8-E2E1316A9C87}.Release|x86.ActiveCfg = Release|ARM
		{B3DF1178-934A-4E1E-9767-18A8F1E91B8E}.Debug|Any CPU.ActiveCfg = Debug|x86
		{B3DF1178-934A-4E1E-9767-18A8F1E91B8E}.Debug|ARM.ActiveCfg = Debug|ARM
		{B3DF1178-934A-4E1E-9767-18A8F1E91B8E}.Debug|ARM64.ActiveCfg = Debug|ARM64
		{B3DF1178-934A-4E1E-9767-18A8F1E91B8E}.Debug|ARM64.Build.0 = Debug|ARM64
		{B3DF1178-934A-4E1E-9767-18A8F1E91B8E}.Debug|x64.ActiveCfg = Debug|x64
		{B3DF1178-934A-4E1E-9767-18A8F1E91B8E}.Debug|x64.Build.0 = Debug|x64
		{B3DF1178-934A-4E1E-9767-18A8F1E91B8E}.Debug|x86.ActiveCfg = Debug|x86
		{B3DF1178-934A-4E1E-9767-18A8F1E91B8E}.Debug|x86.Build.0 = Debug|x86
		{B3DF1178-934A-4E1E-9767-18A8F1E91B8E}.No Trace|Any CPU.ActiveCfg = Release|x86
		{B3DF1178-934A-4E1E-9767-18A8F1E91B8E}.No Trace|Any CPU.Build.0 = Release|x86
		{B3DF1178-934A-4E1E-9767-18A8F1E91B8E}.No Trace|ARM.ActiveCfg = Release|ARM
		{B3DF1178-934A-4E1E-9767-18A8F1E91B8E}.No Trace|ARM.Build.0 = Release|ARM
		{B3DF1178-934A-4E1E-9767-18A8F1E91B8E}.No Trace|ARM64.ActiveCfg = Release|ARM64
		{B3DF1178-934A-4E1E-9767-18A8F1E91B8E}.No Trace|ARM64.Build.0 = Release|ARM64
		{B3DF1178-934A-4E1E-9767-18A8F1E91B8E}.No Trace|x64.ActiveCfg = Release|x64
		{B3DF1178-934A-4E1E-9767-18A8F1E91B8E}.No Trace|x64.Build.0 = Release|x64
		{B3DF1178-934A-4E1E-9767-18A8F1E91B8E}.No Trace|x86.ActiveCfg = Release|x86
		{B3DF1178-934A-4E1E-9767-18A8F1E91B8E}.No Trace|x86.Build.0 = Release|x86
		{B3DF1178-934A-4E1E-9767-18A8F1E91B8E}.Release|Any CPU.ActiveCfg = Release|x86
		{B3DF1178-934A-4E1E-9767-18A8F1E91B8E}.Release|ARM.ActiveCfg = Release|ARM
		{B3DF1178-934A-4E1E-9767-18A8F1E91B8E}.Release|ARM.Build.0 = Release|ARM
		{B3DF1178-934A-4E1E-9767-18A8F1E91B8E}.Release|ARM64.ActiveCfg = Release|ARM64
		{B3DF1178-934A-4E1E-9767-18A8F1E91B8E}.Release|ARM64.Build.0 = Release|ARM64
		{B3DF1178-934A-4E1E-9767-18A8F1E91B8E}.Release|x64.ActiveCfg = Release|x64
		{B3DF1178-934A-4E1E-9767-18A8F1E91B8E}.Release|x64.Build.0 = Release|x64
		{B3DF1178-934A-4E1E-9767-18A8F1E91B8E}.Release|x86.ActiveCfg = Release|x86
		{B3DF1178-934A-4E1E-9767-18A8F1E91B8E}.Release|x86.Build.0 = Release|x86
		{27B5EEAC-DCBC-4E2A-833E-4510EA2970FF}.Debug|Any CPU.ActiveCfg = Debug|x86
		{27B5EEAC-DCBC-4E2A-833E-4510EA2970FF}.Debug|ARM.ActiveCfg = Debug|ARM
		{27B5EEAC-DCBC-4E2A-833E-4510EA2970FF}.Debug|ARM.Build.0 = Debug|ARM
		{27B5EEAC-DCBC-4E2A-833E-4510EA2970FF}.Debug|ARM.Deploy.0 = Debug|ARM
		{27B5EEAC-DCBC-4E2A-833E-4510EA2970FF}.Debug|ARM64.ActiveCfg = Debug|ARM64
		{27B5EEAC-DCBC-4E2A-833E-4510EA2970FF}.Debug|ARM64.Build.0 = Debug|ARM64
		{27B5EEAC-DCBC-4E2A-833E-4510EA2970FF}.Debug|ARM64.Deploy.0 = Debug|ARM64
		{27B5EEAC-DCBC-4E2A-833E-4510EA2970FF}.Debug|x64.ActiveCfg = Debug|x64
		{27B5EEAC-DCBC-4E2A-833E-4510EA2970FF}.Debug|x64.Build.0 = Debug|x64
		{27B5EEAC-DCBC-4E2A-833E-4510EA2970FF}.Debug|x64.Deploy.0 = Debug|x64
		{27B5EEAC-DCBC-4E2A-833E-4510EA2970FF}.Debug|x86.ActiveCfg = Debug|x86
		{27B5EEAC-DCBC-4E2A-833E-4510EA2970FF}.Debug|x86.Build.0 = Debug|x86
		{27B5EEAC-DCBC-4E2A-833E-4510EA2970FF}.Debug|x86.Deploy.0 = Debug|x86
		{27B5EEAC-DCBC-4E2A-833E-4510EA2970FF}.No Trace|Any CPU.ActiveCfg = Release|x86
		{27B5EEAC-DCBC-4E2A-833E-4510EA2970FF}.No Trace|Any CPU.Build.0 = Release|x86
		{27B5EEAC-DCBC-4E2A-833E-4510EA2970FF}.No Trace|Any CPU.Deploy.0 = Release|x86
		{27B5EEAC-DCBC-4E2A-833E-4510EA2970FF}.No Trace|ARM.ActiveCfg = Release|ARM
		{27B5EEAC-DCBC-4E2A-833E-4510EA2970FF}.No Trace|ARM.Build.0 = Release|ARM
		{27B5EEAC-DCBC-4E2A-833E-4510EA2970FF}.No Trace|ARM.Deploy.0 = Release|ARM
		{27B5EEAC-DCBC-4E2A-833E-4510EA2970FF}.No Trace|ARM64.ActiveCfg = Release|ARM64
		{27B5EEAC-DCBC-4E2A-833E-4510EA2970FF}.No Trace|ARM64.Build.0 = Release|ARM64
		{27B5EEAC-DCBC-4E2A-833E-4510EA2970FF}.No Trace|ARM64.Deploy.0 = Release|ARM64
		{27B5EEAC-DCBC-4E2A-833E-4510EA2970FF}.No Trace|x64.ActiveCfg = Release|x64
		{27B5EEAC-DCBC-4E2A-833E-4510EA2970FF}.No Trace|x64.Build.0 = Release|x64
		{27B5EEAC-DCBC-4E2A-833E-4510EA2970FF}.No Trace|x64.Deploy.0 = Release|x64
		{27B5EEAC-DCBC-4E2A-833E-4510EA2970FF}.No Trace|x86.ActiveCfg = Release|x86
		{27B5EEAC-DCBC-4E2A-833E-4510EA2970FF}.No Trace|x86.Build.0 = Release|x86
		{27B5EEAC-DCBC-4E2A-833E-4510EA2970FF}.No Trace|x86.Deploy.0 = Release|x86
		{27B5EEAC-DCBC-4E2A-833E-4510EA2970FF}.Release|Any CPU.ActiveCfg = Release|x86
		{27B5EEAC-DCBC-4E2A-833E-4510EA2970FF}.Release|ARM.ActiveCfg = Release|ARM
		{27B5EEAC-DCBC-4E2A-833E-4510EA2970FF}.Release|ARM.Build.0 = Release|ARM
		{27B5EEAC-DCBC-4E2A-833E-4510EA2970FF}.Release|ARM.Deploy.0 = Release|ARM
		{27B5EEAC-DCBC-4E2A-833E-4510EA2970FF}.Release|ARM64.ActiveCfg = Release|ARM64
		{27B5EEAC-DCBC-4E2A-833E-4510EA2970FF}.Release|ARM64.Build.0 = Release|ARM64
		{27B5EEAC-DCBC-4E2A-833E-4510EA2970FF}.Release|ARM64.Deploy.0 = Release|ARM64
		{27B5EEAC-DCBC-4E2A-833E-4510EA2970FF}.Release|x64.ActiveCfg = Release|x64
		{27B5EEAC-DCBC-4E2A-833E-4510EA2970FF}.Release|x64.Build.0 = Release|x64
		{27B5EEAC-DCBC-4E2A-833E-4510EA2970FF}.Release|x64.Deploy.0 = Release|x64
		{27B5EEAC-DCBC-4E2A-833E-4510EA2970FF}.Release|x86.ActiveCfg = Release|x86
		{27B5EEAC-DCBC-4E2A-833E-4510EA2970FF}.Release|x86.Build.0 = Release|x86
		{27B5EEAC-DCBC-4E2A-833E-4510EA2970FF}.Release|x86.Deploy.0 = Release|x86
	EndGlobalSection
	GlobalSection(SolutionProperties) = preSolution
		HideSolutionNode = FALSE
	EndGlobalSection
	GlobalSection(NestedProjects) = preSolution
		{3E49C4CD-20D0-49DA-B02E-BA618DECBDDE} = {91DD361E-74F9-4B5A-AA6F-4B23BEDCF26C}
		{DD474673-3AAE-4C62-88B1-B57BB8F8632A} = {CFAB6766-C9C8-45EC-A660-13A4C4AF190A}
		{AC8B99A3-6DEA-48B0-A6A6-31A982FAAD0A} = {91DD361E-74F9-4B5A-AA6F-4B23BEDCF26C}
		{45D41ACC-2C3C-43D2-BC10-02AA73FFC7C7} = {1BFE6971-EB01-4E2C-8DDA-080F791A31C1}
		{D11E1C9D-406C-4D7C-8F37-913C0BFD9E0D} = {1BFE6971-EB01-4E2C-8DDA-080F791A31C1}
		{E7771251-AE3A-4060-A642-27EBFD2EA297} = {1BFE6971-EB01-4E2C-8DDA-080F791A31C1}
		{DDF28AA0-7CCB-47E7-A1E7-61DD4E5BDC3C} = {5488C0EA-FEA7-45AE-9C5C-4552C65F885D}
		{71C46EAF-48C9-47BA-9532-27B51744548D} = {5488C0EA-FEA7-45AE-9C5C-4552C65F885D}
		{FC24CEC0-ACAD-4575-99CB-0E27E30FDCB5} = {5488C0EA-FEA7-45AE-9C5C-4552C65F885D}
		{B69F921F-44E5-4C06-9E14-AF53D650E9EB} = {CFAB6766-C9C8-45EC-A660-13A4C4AF190A}
		{77CD4153-F4E4-4A25-B01A-1664205C1B96} = {CFAB6766-C9C8-45EC-A660-13A4C4AF190A}
		{2C576ABF-4A2C-4DF5-B2D8-E2E1316A9C87} = {CFAB6766-C9C8-45EC-A660-13A4C4AF190A}
		{B3DF1178-934A-4E1E-9767-18A8F1E91B8E} = {CFAB6766-C9C8-45EC-A660-13A4C4AF190A}
		{27B5EEAC-DCBC-4E2A-833E-4510EA2970FF} = {91DD361E-74F9-4B5A-AA6F-4B23BEDCF26C}
	EndGlobalSection
EndGlobal
